{
  "name": "traccar",
  "lockfileVersion": 3,
  "requires": true,
  "packages": {
    "": {
      "dependencies": {
        "@mui/x-date-pickers": "^8.3.1",
        "react-i18next": "^15.5.1"
      }
    },
    "node_modules/@babel/runtime": {
      "version": "7.27.1",
      "resolved": "https://registry.npmjs.org/@babel/runtime/-/runtime-7.27.1.tgz",
      "integrity": "sha512-1x3D2xEk2fRo3PAhwQwu5UubzgiVWSXTBfWpVd2Mx2AzRqJuDJCsgaDVZ7HB5iGzDW1Hl1sWN2mFyKjmR9uAog==",
      "license": "MIT",
      "engines": {
        "node": ">=6.9.0"
      }
    },
    "node_modules/@emotion/cache": {
      "version": "11.14.0",
      "resolved": "https://registry.npmjs.org/@emotion/cache/-/cache-11.14.0.tgz",
      "integrity": "sha512-L/B1lc/TViYk4DcpGxtAVbx0ZyiKM5ktoIyafGkH6zg/tj+mA+NE//aPYKG0k8kCHSHVJrpLpcAlOBEXQ3SavA==",
      "license": "MIT",
      "peer": true,
      "dependencies": {
        "@emotion/memoize": "^0.9.0",
        "@emotion/sheet": "^1.4.0",
        "@emotion/utils": "^1.4.2",
        "@emotion/weak-memoize": "^0.4.0",
        "stylis": "4.2.0"
      }
    },
    "node_modules/@emotion/hash": {
      "version": "0.9.2",
      "resolved": "https://registry.npmjs.org/@emotion/hash/-/hash-0.9.2.tgz",
      "integrity": "sha512-MyqliTZGuOm3+5ZRSaaBGP3USLw6+EGykkwZns2EPC5g8jJ4z9OrdZY9apkl3+UP9+sdz76YYkwCKP5gh8iY3g==",
      "license": "MIT",
      "peer": true
    },
    "node_modules/@emotion/memoize": {
      "version": "0.9.0",
      "resolved": "https://registry.npmjs.org/@emotion/memoize/-/memoize-0.9.0.tgz",
      "integrity": "sha512-30FAj7/EoJ5mwVPOWhAyCX+FPfMDrVecJAM+Iw9NRoSl4BBAQeqj4cApHHUXOVvIPgLVDsCFoz/hGD+5QQD1GQ==",
      "license": "MIT",
      "peer": true
    },
    "node_modules/@emotion/serialize": {
      "version": "1.3.3",
      "resolved": "https://registry.npmjs.org/@emotion/serialize/-/serialize-1.3.3.tgz",
      "integrity": "sha512-EISGqt7sSNWHGI76hC7x1CksiXPahbxEOrC5RjmFRJTqLyEK9/9hZvBbiYn70dw4wuwMKiEMCUlR6ZXTSWQqxA==",
      "license": "MIT",
      "peer": true,
      "dependencies": {
        "@emotion/hash": "^0.9.2",
        "@emotion/memoize": "^0.9.0",
        "@emotion/unitless": "^0.10.0",
        "@emotion/utils": "^1.4.2",
        "csstype": "^3.0.2"
      }
    },
    "node_modules/@emotion/sheet": {
      "version": "1.4.0",
      "resolved": "https://registry.npmjs.org/@emotion/sheet/-/sheet-1.4.0.tgz",
      "integrity": "sha512-fTBW9/8r2w3dXWYM4HCB1Rdp8NLibOw2+XELH5m5+AkWiL/KqYX6dc0kKYlaYyKjrQ6ds33MCdMPEwgs2z1rqg==",
      "license": "MIT",
      "peer": true
    },
    "node_modules/@emotion/unitless": {
      "version": "0.10.0",
      "resolved": "https://registry.npmjs.org/@emotion/unitless/-/unitless-0.10.0.tgz",
      "integrity": "sha512-dFoMUuQA20zvtVTuxZww6OHoJYgrzfKM1t52mVySDJnMSEa08ruEvdYQbhvyu6soU+NeLVd3yKfTfT0NeV6qGg==",
      "license": "MIT",
      "peer": true
    },
    "node_modules/@emotion/utils": {
      "version": "1.4.2",
      "resolved": "https://registry.npmjs.org/@emotion/utils/-/utils-1.4.2.tgz",
      "integrity": "sha512-3vLclRofFziIa3J2wDh9jjbkUz9qk5Vi3IZ/FSTKViB0k+ef0fPV7dYrUIugbgupYDx7v9ud/SjrtEP8Y4xLoA==",
      "license": "MIT",
      "peer": true
    },
    "node_modules/@emotion/weak-memoize": {
      "version": "0.4.0",
      "resolved": "https://registry.npmjs.org/@emotion/weak-memoize/-/weak-memoize-0.4.0.tgz",
      "integrity": "sha512-snKqtPW01tN0ui7yu9rGv69aJXr/a/Ywvl11sUjNtEcRc+ng/mQriFL0wLXMef74iHa/EkftbDzU9F8iFbH+zg==",
      "license": "MIT",
      "peer": true
    },
    "node_modules/@mui/core-downloads-tracker": {
      "version": "7.1.0",
      "resolved": "https://registry.npmjs.org/@mui/core-downloads-tracker/-/core-downloads-tracker-7.1.0.tgz",
      "integrity": "sha512-E0OqhZv548Qdc0PwWhLVA2zmjJZSTvaL4ZhoswmI8NJEC1tpW2js6LLP827jrW9MEiXYdz3QS6+hask83w74yQ==",
      "license": "MIT",
      "peer": true,
      "funding": {
        "type": "opencollective",
        "url": "https://opencollective.com/mui-org"
      }
    },
    "node_modules/@mui/material": {
      "version": "7.1.0",
      "resolved": "https://registry.npmjs.org/@mui/material/-/material-7.1.0.tgz",
      "integrity": "sha512-ahUJdrhEv+mCp4XHW+tHIEYzZMSRLg8z4AjUOsj44QpD1ZaMxQoVOG2xiHvLFdcsIPbgSRx1bg1eQSheHBgvtg==",
      "license": "MIT",
      "peer": true,
      "dependencies": {
        "@babel/runtime": "^7.27.1",
        "@mui/core-downloads-tracker": "^7.1.0",
        "@mui/system": "^7.1.0",
        "@mui/types": "^7.4.2",
        "@mui/utils": "^7.1.0",
        "@popperjs/core": "^2.11.8",
        "@types/react-transition-group": "^4.4.12",
        "clsx": "^2.1.1",
        "csstype": "^3.1.3",
        "prop-types": "^15.8.1",
        "react-is": "^19.1.0",
        "react-transition-group": "^4.4.5"
      },
      "engines": {
        "node": ">=14.0.0"
      },
      "funding": {
        "type": "opencollective",
        "url": "https://opencollective.com/mui-org"
      },
      "peerDependencies": {
        "@emotion/react": "^11.5.0",
        "@emotion/styled": "^11.3.0",
        "@mui/material-pigment-css": "^7.1.0",
        "@types/react": "^17.0.0 || ^18.0.0 || ^19.0.0",
        "react": "^17.0.0 || ^18.0.0 || ^19.0.0",
        "react-dom": "^17.0.0 || ^18.0.0 || ^19.0.0"
      },
      "peerDependenciesMeta": {
        "@emotion/react": {
          "optional": true
        },
        "@emotion/styled": {
          "optional": true
        },
        "@mui/material-pigment-css": {
          "optional": true
        },
        "@types/react": {
          "optional": true
        }
      }
    },
    "node_modules/@mui/private-theming": {
      "version": "7.1.0",
      "resolved": "https://registry.npmjs.org/@mui/private-theming/-/private-theming-7.1.0.tgz",
      "integrity": "sha512-4Kck4jxhqF6YxNwJdSae1WgDfXVg0lIH6JVJ7gtuFfuKcQCgomJxPvUEOySTFRPz1IZzwz5OAcToskRdffElDA==",
      "license": "MIT",
      "peer": true,
      "dependencies": {
        "@babel/runtime": "^7.27.1",
        "@mui/utils": "^7.1.0",
        "prop-types": "^15.8.1"
      },
      "engines": {
        "node": ">=14.0.0"
      },
      "funding": {
        "type": "opencollective",
        "url": "https://opencollective.com/mui-org"
      },
      "peerDependencies": {
        "@types/react": "^17.0.0 || ^18.0.0 || ^19.0.0",
        "react": "^17.0.0 || ^18.0.0 || ^19.0.0"
      },
      "peerDependenciesMeta": {
        "@types/react": {
          "optional": true
        }
      }
    },
    "node_modules/@mui/styled-engine": {
      "version": "7.1.0",
      "resolved": "https://registry.npmjs.org/@mui/styled-engine/-/styled-engine-7.1.0.tgz",
      "integrity": "sha512-m0mJ0c6iRC+f9hMeRe0W7zZX1wme3oUX0+XTVHjPG7DJz6OdQ6K/ggEOq7ZdwilcpdsDUwwMfOmvO71qDkYd2w==",
      "license": "MIT",
      "peer": true,
      "dependencies": {
        "@babel/runtime": "^7.27.1",
        "@emotion/cache": "^11.13.5",
        "@emotion/serialize": "^1.3.3",
        "@emotion/sheet": "^1.4.0",
        "csstype": "^3.1.3",
        "prop-types": "^15.8.1"
      },
      "engines": {
        "node": ">=14.0.0"
      },
      "funding": {
        "type": "opencollective",
        "url": "https://opencollective.com/mui-org"
      },
      "peerDependencies": {
        "@emotion/react": "^11.4.1",
        "@emotion/styled": "^11.3.0",
        "react": "^17.0.0 || ^18.0.0 || ^19.0.0"
      },
      "peerDependenciesMeta": {
        "@emotion/react": {
          "optional": true
        },
        "@emotion/styled": {
          "optional": true
        }
      }
    },
    "node_modules/@mui/system": {
      "version": "7.1.0",
      "resolved": "https://registry.npmjs.org/@mui/system/-/system-7.1.0.tgz",
      "integrity": "sha512-iedAWgRJMCxeMHvkEhsDlbvkK+qKf9me6ofsf7twk/jfT4P1ImVf7Rwb5VubEA0sikrVL+1SkoZM41M4+LNAVA==",
      "license": "MIT",
      "peer": true,
      "dependencies": {
        "@babel/runtime": "^7.27.1",
        "@mui/private-theming": "^7.1.0",
        "@mui/styled-engine": "^7.1.0",
        "@mui/types": "^7.4.2",
        "@mui/utils": "^7.1.0",
        "clsx": "^2.1.1",
        "csstype": "^3.1.3",
        "prop-types": "^15.8.1"
      },
      "engines": {
        "node": ">=14.0.0"
      },
      "funding": {
        "type": "opencollective",
        "url": "https://opencollective.com/mui-org"
      },
      "peerDependencies": {
        "@emotion/react": "^11.5.0",
        "@emotion/styled": "^11.3.0",
        "@types/react": "^17.0.0 || ^18.0.0 || ^19.0.0",
        "react": "^17.0.0 || ^18.0.0 || ^19.0.0"
      },
      "peerDependenciesMeta": {
        "@emotion/react": {
          "optional": true
        },
        "@emotion/styled": {
          "optional": true
        },
        "@types/react": {
          "optional": true
        }
      }
    },
    "node_modules/@mui/types": {
      "version": "7.4.2",
      "resolved": "https://registry.npmjs.org/@mui/types/-/types-7.4.2.tgz",
      "integrity": "sha512-edRc5JcLPsrlNFYyTPxds+d5oUovuUxnnDtpJUbP6WMeV4+6eaX/mqai1ZIWT62lCOe0nlrON0s9HDiv5en5bA==",
      "license": "MIT",
      "dependencies": {
        "@babel/runtime": "^7.27.1"
      },
      "peerDependencies": {
        "@types/react": "^17.0.0 || ^18.0.0 || ^19.0.0"
      },
      "peerDependenciesMeta": {
        "@types/react": {
          "optional": true
        }
      }
    },
    "node_modules/@mui/utils": {
      "version": "7.1.0",
      "resolved": "https://registry.npmjs.org/@mui/utils/-/utils-7.1.0.tgz",
      "integrity": "sha512-/OM3S8kSHHmWNOP+NH9xEtpYSG10upXeQ0wLZnfDgmgadTAk5F4MQfFLyZ5FCRJENB3eRzltMmaNl6UtDnPovw==",
      "license": "MIT",
      "dependencies": {
        "@babel/runtime": "^7.27.1",
        "@mui/types": "^7.4.2",
        "@types/prop-types": "^15.7.14",
        "clsx": "^2.1.1",
        "prop-types": "^15.8.1",
        "react-is": "^19.1.0"
      },
      "engines": {
        "node": ">=14.0.0"
      },
      "funding": {
        "type": "opencollective",
        "url": "https://opencollective.com/mui-org"
      },
      "peerDependencies": {
        "@types/react": "^17.0.0 || ^18.0.0 || ^19.0.0",
        "react": "^17.0.0 || ^18.0.0 || ^19.0.0"
      },
      "peerDependenciesMeta": {
        "@types/react": {
          "optional": true
        }
      }
    },
    "node_modules/@mui/x-date-pickers": {
      "version": "8.3.1",
      "resolved": "https://registry.npmjs.org/@mui/x-date-pickers/-/x-date-pickers-8.3.1.tgz",
      "integrity": "sha512-QokQvtfrKy802mrs6aH3r351Xhl5r/TYjcIVX97dCp32HRMFD7ygQV9S7+hQYqqpEN8iWEH+L5jJPSIottd/5g==",
      "license": "MIT",
      "dependencies": {
        "@babel/runtime": "^7.27.1",
        "@mui/utils": "^7.0.2",
        "@mui/x-internals": "8.3.1",
        "@types/react-transition-group": "^4.4.12",
        "clsx": "^2.1.1",
        "prop-types": "^15.8.1",
        "react-transition-group": "^4.4.5"
      },
      "engines": {
        "node": ">=14.0.0"
      },
      "funding": {
        "type": "opencollective",
        "url": "https://opencollective.com/mui-org"
      },
      "peerDependencies": {
        "@emotion/react": "^11.9.0",
        "@emotion/styled": "^11.8.1",
        "@mui/material": "^5.15.14 || ^6.0.0 || ^7.0.0",
        "@mui/system": "^5.15.14 || ^6.0.0 || ^7.0.0",
        "date-fns": "^2.25.0 || ^3.2.0 || ^4.0.0",
        "date-fns-jalali": "^2.13.0-0 || ^3.2.0-0 || ^4.0.0-0",
        "dayjs": "^1.10.7",
        "luxon": "^3.0.2",
        "moment": "^2.29.4",
        "moment-hijri": "^2.1.2 || ^3.0.0",
        "moment-jalaali": "^0.7.4 || ^0.8.0 || ^0.9.0 || ^0.10.0",
        "react": "^17.0.0 || ^18.0.0 || ^19.0.0",
        "react-dom": "^17.0.0 || ^18.0.0 || ^19.0.0"
      },
      "peerDependenciesMeta": {
        "@emotion/react": {
          "optional": true
        },
        "@emotion/styled": {
          "optional": true
        },
        "date-fns": {
          "optional": true
        },
        "date-fns-jalali": {
          "optional": true
        },
        "dayjs": {
          "optional": true
        },
        "luxon": {
          "optional": true
        },
        "moment": {
          "optional": true
        },
        "moment-hijri": {
          "optional": true
        },
        "moment-jalaali": {
          "optional": true
        }
      }
    },
    "node_modules/@mui/x-internals": {
      "version": "8.3.1",
      "resolved": "https://registry.npmjs.org/@mui/x-internals/-/x-internals-8.3.1.tgz",
      "integrity": "sha512-8kIxT66cea63iEseEIHSWzKju2Wzl7MsWFoAUQEyRvYqOFa2j9Un2Vn/EH2vy9nm/MtMAYpwOE/nt68/KTIA2w==",
      "license": "MIT",
      "dependencies": {
        "@babel/runtime": "^7.27.1",
        "@mui/utils": "^7.0.2"
      },
      "engines": {
        "node": ">=14.0.0"
      },
      "funding": {
        "type": "opencollective",
        "url": "https://opencollective.com/mui-org"
      },
      "peerDependencies": {
        "react": "^17.0.0 || ^18.0.0 || ^19.0.0"
      }
    },
    "node_modules/@popperjs/core": {
      "version": "2.11.8",
      "resolved": "https://registry.npmjs.org/@popperjs/core/-/core-2.11.8.tgz",
      "integrity": "sha512-P1st0aksCrn9sGZhp8GMYwBnQsbvAWsZAX44oXNNvLHGqAOcoVxmjZiohstwQ7SqKnbR47akdNi+uleWD8+g6A==",
      "license": "MIT",
      "peer": true,
      "funding": {
        "type": "opencollective",
        "url": "https://opencollective.com/popperjs"
      }
    },
    "node_modules/@types/prop-types": {
      "version": "15.7.14",
      "resolved": "https://registry.npmjs.org/@types/prop-types/-/prop-types-15.7.14.tgz",
      "integrity": "sha512-gNMvNH49DJ7OJYv+KAKn0Xp45p8PLl6zo2YnvDIbTd4J6MER2BmWN49TG7n9LvkyihINxeKW8+3bfS2yDC9dzQ==",
      "license": "MIT"
    },
    "node_modules/@types/react": {
      "version": "19.1.4",
      "resolved": "https://registry.npmjs.org/@types/react/-/react-19.1.4.tgz",
      "integrity": "sha512-EB1yiiYdvySuIITtD5lhW4yPyJ31RkJkkDw794LaQYrxCSaQV/47y5o1FMC4zF9ZyjUjzJMZwbovEnT5yHTW6g==",
      "license": "MIT",
      "peer": true,
      "dependencies": {
        "csstype": "^3.0.2"
      }
    },
    "node_modules/@types/react-transition-group": {
      "version": "4.4.12",
      "resolved": "https://registry.npmjs.org/@types/react-transition-group/-/react-transition-group-4.4.12.tgz",
      "integrity": "sha512-8TV6R3h2j7a91c+1DXdJi3Syo69zzIZbz7Lg5tORM5LEJG7X/E6a1V3drRyBRZq7/utz7A+c4OgYLiLcYGHG6w==",
      "license": "MIT",
      "peerDependencies": {
        "@types/react": "*"
      }
    },
    "node_modules/clsx": {
      "version": "2.1.1",
      "resolved": "https://registry.npmjs.org/clsx/-/clsx-2.1.1.tgz",
      "integrity": "sha512-eYm0QWBtUrBWZWG0d386OGAw16Z995PiOVo2B7bjWSbHedGl5e0ZWaq65kOGgUSNesEIDkB9ISbTg/JK9dhCZA==",
      "license": "MIT",
      "engines": {
        "node": ">=6"
      }
    },
    "node_modules/csstype": {
      "version": "3.1.3",
      "resolved": "https://registry.npmjs.org/csstype/-/csstype-3.1.3.tgz",
      "integrity": "sha512-M1uQkMl8rQK/szD0LNhtqxIPLpimGm8sOBwU7lLnCpSbTyY3yeU1Vc7l4KT5zT4s/yOxHH5O7tIuuLOCnLADRw==",
      "license": "MIT"
    },
    "node_modules/dom-helpers": {
      "version": "5.2.1",
      "resolved": "https://registry.npmjs.org/dom-helpers/-/dom-helpers-5.2.1.tgz",
      "integrity": "sha512-nRCa7CK3VTrM2NmGkIy4cbK7IZlgBE/PYMn55rrXefr5xXDP0LdtfPnblFDoVdcAfslJ7or6iqAUnx0CCGIWQA==",
      "license": "MIT",
      "dependencies": {
        "@babel/runtime": "^7.8.7",
        "csstype": "^3.0.2"
      }
    },
    "node_modules/html-parse-stringify": {
      "version": "3.0.1",
      "resolved": "https://registry.npmjs.org/html-parse-stringify/-/html-parse-stringify-3.0.1.tgz",
      "integrity": "sha512-KknJ50kTInJ7qIScF3jeaFRpMpE8/lfiTdzf/twXyPBLAGrLRTmkz3AdTnKeh40X8k9L2fdYwEp/42WGXIRGcg==",
      "license": "MIT",
      "dependencies": {
        "void-elements": "3.1.0"
      }
    },
    "node_modules/i18next": {
      "version": "25.2.0",
      "resolved": "https://registry.npmjs.org/i18next/-/i18next-25.2.0.tgz",
      "integrity": "sha512-ERhJICsxkw1vE7G0lhCUYv4ZxdBEs03qblt1myJs94rYRK9loJF3xDj8mgQz3LmCyp0yYrNjbN/1/GWZTZDGCA==",
      "funding": [
        {
          "type": "individual",
          "url": "https://locize.com"
        },
        {
          "type": "individual",
          "url": "https://locize.com/i18next.html"
        },
        {
          "type": "individual",
          "url": "https://www.i18next.com/how-to/faq#i18next-is-awesome.-how-can-i-support-the-project"
        }
      ],
      "license": "MIT",
      "peer": true,
      "dependencies": {
        "@babel/runtime": "^7.27.1"
      },
      "peerDependencies": {
        "typescript": "^5"
      },
      "peerDependenciesMeta": {
        "typescript": {
          "optional": true
        }
      }
    },
    "node_modules/js-tokens": {
      "version": "4.0.0",
      "resolved": "https://registry.npmjs.org/js-tokens/-/js-tokens-4.0.0.tgz",
      "integrity": "sha512-RdJUflcE3cUzKiMqQgsCu06FPu9UdIJO0beYbPhHN4k6apgJtifcoCtT9bcxOpYBtpD2kCM6Sbzg4CausW/PKQ==",
      "license": "MIT"
    },
    "node_modules/loose-envify": {
      "version": "1.4.0",
      "resolved": "https://registry.npmjs.org/loose-envify/-/loose-envify-1.4.0.tgz",
      "integrity": "sha512-lyuxPGr/Wfhrlem2CL/UcnUc1zcqKAImBDzukY7Y5F/yQiNdko6+fRLevlw1HgMySw7f611UIY408EtxRSoK3Q==",
      "license": "MIT",
      "dependencies": {
        "js-tokens": "^3.0.0 || ^4.0.0"
      },
      "bin": {
        "loose-envify": "cli.js"
      }
    },
    "node_modules/object-assign": {
      "version": "4.1.1",
      "resolved": "https://registry.npmjs.org/object-assign/-/object-assign-4.1.1.tgz",
      "integrity": "sha512-rJgTQnkUnH1sFw8yT6VSU3zD3sWmu6sZhIseY8VX+GRu3P6F7Fu+JNDoXfklElbLJSnc3FUQHVe4cU5hj+BcUg==",
      "license": "MIT",
      "engines": {
        "node": ">=0.10.0"
      }
    },
    "node_modules/prop-types": {
      "version": "15.8.1",
      "resolved": "https://registry.npmjs.org/prop-types/-/prop-types-15.8.1.tgz",
      "integrity": "sha512-oj87CgZICdulUohogVAR7AjlC0327U4el4L6eAvOqCeudMDVU0NThNaV+b9Df4dXgSP1gXMTnPdhfe/2qDH5cg==",
      "license": "MIT",
      "dependencies": {
        "loose-envify": "^1.4.0",
        "object-assign": "^4.1.1",
        "react-is": "^16.13.1"
      }
    },
    "node_modules/prop-types/node_modules/react-is": {
      "version": "16.13.1",
      "resolved": "https://registry.npmjs.org/react-is/-/react-is-16.13.1.tgz",
      "integrity": "sha512-24e6ynE2H+OKt4kqsOvNd8kBpV65zoxbA4BVsEOB3ARVWQki/DHzaUoC5KuON/BiccDaCCTZBuOcfZs70kR8bQ==",
      "license": "MIT"
    },
    "node_modules/react": {
      "version": "19.1.0",
      "resolved": "https://registry.npmjs.org/react/-/react-19.1.0.tgz",
      "integrity": "sha512-FS+XFBNvn3GTAWq26joslQgWNoFu08F4kl0J4CgdNKADkdSGXQyTCnKteIAJy96Br6YbpEU1LSzV5dYtjMkMDg==",
      "license": "MIT",
      "peer": true,
      "engines": {
        "node": ">=0.10.0"
      }
    },
    "node_modules/react-dom": {
      "version": "19.1.0",
      "resolved": "https://registry.npmjs.org/react-dom/-/react-dom-19.1.0.tgz",
      "integrity": "sha512-Xs1hdnE+DyKgeHJeJznQmYMIBG3TKIHJJT95Q58nHLSrElKlGQqDTR2HQ9fx5CN/Gk6Vh/kupBTDLU11/nDk/g==",
      "license": "MIT",
      "peer": true,
      "dependencies": {
        "scheduler": "^0.26.0"
      },
      "peerDependencies": {
        "react": "^19.1.0"
      }
    },
    "node_modules/react-i18next": {
      "version": "15.5.1",
      "resolved": "https://registry.npmjs.org/react-i18next/-/react-i18next-15.5.1.tgz",
      "integrity": "sha512-C8RZ7N7H0L+flitiX6ASjq9p5puVJU1Z8VyL3OgM/QOMRf40BMZX+5TkpxzZVcTmOLPX5zlti4InEX5pFyiVeA==",
      "license": "MIT",
      "dependencies": {
        "@babel/runtime": "^7.25.0",
        "html-parse-stringify": "^3.0.1"
      },
      "peerDependencies": {
        "i18next": ">= 23.2.3",
        "react": ">= 16.8.0",
        "typescript": "^5"
      },
      "peerDependenciesMeta": {
        "react-dom": {
          "optional": true
        },
        "react-native": {
          "optional": true
        },
        "typescript": {
          "optional": true
        }
      }
    },
    "node_modules/react-is": {
      "version": "19.1.0",
      "resolved": "https://registry.npmjs.org/react-is/-/react-is-19.1.0.tgz",
      "integrity": "sha512-Oe56aUPnkHyyDxxkvqtd7KkdQP5uIUfHxd5XTb3wE9d/kRnZLmKbDB0GWk919tdQ+mxxPtG6EAs6RMT6i1qtHg==",
      "license": "MIT"
    },
    "node_modules/react-transition-group": {
      "version": "4.4.5",
      "resolved": "https://registry.npmjs.org/react-transition-group/-/react-transition-group-4.4.5.tgz",
      "integrity": "sha512-pZcd1MCJoiKiBR2NRxeCRg13uCXbydPnmB4EOeRrY7480qNWO8IIgQG6zlDkm6uRMsURXPuKq0GWtiM59a5Q6g==",
      "license": "BSD-3-Clause",
      "dependencies": {
        "@babel/runtime": "^7.5.5",
        "dom-helpers": "^5.0.1",
        "loose-envify": "^1.4.0",
        "prop-types": "^15.6.2"
      },
      "peerDependencies": {
        "react": ">=16.6.0",
        "react-dom": ">=16.6.0"
      }
    },
    "node_modules/scheduler": {
      "version": "0.26.0",
      "resolved": "https://registry.npmjs.org/scheduler/-/scheduler-0.26.0.tgz",
      "integrity": "sha512-NlHwttCI/l5gCPR3D1nNXtWABUmBwvZpEQiD4IXSbIDq8BzLIK/7Ir5gTFSGZDUu37K5cMNp0hFtzO38sC7gWA==",
      "license": "MIT",
      "peer": true
    },
    "node_modules/stylis": {
      "version": "4.2.0",
      "resolved": "https://registry.npmjs.org/stylis/-/stylis-4.2.0.tgz",
      "integrity": "sha512-Orov6g6BB1sDfYgzWfTHDOxamtX1bE/zo104Dh9e6fqJ3PooipYyfJ0pUmrZO2wAvO8YbEyeFrkV91XTsGMSrw==",
      "license": "MIT",
      "peer": true
    },
    "node_modules/void-elements": {
      "version": "3.1.0",
      "resolved": "https://registry.npmjs.org/void-elements/-/void-elements-3.1.0.tgz",
      "integrity": "sha512-Dhxzh5HZuiHQhbvTW9AMetFfBHDMYpo23Uo9btPXgdYP+3T5S+p+jgNy7spra+veYhBP2dCSgxR/i2Y02h5/6w==",
      "license": "MIT",
      "engines": {
        "node": ">=0.10.0"
      }
    }
  }
}
